// !$*UTF8*$!
{
	archiveVersion = 1;
	classes = {
	};
	objectVersion = 50;
	objects = {

/* Begin PBXBuildFile section */
		59D317FD258FC57400E44785 /* UI_TestApp.swift in Sources */ = {isa = PBXBuildFile; fileRef = 59D317FC258FC57400E44785 /* UI_TestApp.swift */; };
		59D317FF258FC57400E44785 /* ContentView.swift in Sources */ = {isa = PBXBuildFile; fileRef = 59D317FE258FC57400E44785 /* ContentView.swift */; };
		59D31801258FC57400E44785 /* Assets.xcassets in Resources */ = {isa = PBXBuildFile; fileRef = 59D31800258FC57400E44785 /* Assets.xcassets */; };
		59D31804258FC57400E44785 /* Preview Assets.xcassets in Resources */ = {isa = PBXBuildFile; fileRef = 59D31803258FC57400E44785 /* Preview Assets.xcassets */; };
		59D3180F258FC57400E44785 /* UI_TestTests.swift in Sources */ = {isa = PBXBuildFile; fileRef = 59D3180E258FC57400E44785 /* UI_TestTests.swift */; };
		59D3181A258FC57400E44785 /* UI_TestUITests.swift in Sources */ = {isa = PBXBuildFile; fileRef = 59D31819258FC57400E44785 /* UI_TestUITests.swift */; };
/* End PBXBuildFile section */

/* Begin PBXContainerItemProxy section */
		59D3180B258FC57400E44785 /* PBXContainerItemProxy */ = {
			isa = PBXContainerItemProxy;
			containerPortal = 59D317F1258FC57400E44785 /* Project object */;
			proxyType = 1;
			remoteGlobalIDString = 59D317F8258FC57400E44785;
			remoteInfo = "UI Test";
		};
		59D31816258FC57400E44785 /* PBXContainerItemProxy */ = {
			isa = PBXContainerItemProxy;
			containerPortal = 59D317F1258FC57400E44785 /* Project object */;
			proxyType = 1;
			remoteGlobalIDString = 59D317F8258FC57400E44785;
			remoteInfo = "UI Test";
		};
/* End PBXContainerItemProxy section */

/* Begin PBXFileReference section */
		59D317F9258FC57400E44785 /* UI Test.app */ = {isa = PBXFileReference; explicitFileType = wrapper.application; includeInIndex = 0; path = "UI Test.app"; sourceTree = BUILT_PRODUCTS_DIR; };
		59D317FC258FC57400E44785 /* UI_TestApp.swift */ = {isa = PBXFileReference; lastKnownFileType = sourcecode.swift; path = UI_TestApp.swift; sourceTree = "<group>"; };
		59D317FE258FC57400E44785 /* ContentView.swift */ = {isa = PBXFileReference; lastKnownFileType = sourcecode.swift; path = ContentView.swift; sourceTree = "<group>"; };
		59D31800258FC57400E44785 /* Assets.xcassets */ = {isa = PBXFileReference; lastKnownFileType = folder.assetcatalog; path = Assets.xcassets; sourceTree = "<group>"; };
		59D31803258FC57400E44785 /* Preview Assets.xcassets */ = {isa = PBXFileReference; lastKnownFileType = folder.assetcatalog; path = "Preview Assets.xcassets"; sourceTree = "<group>"; };
		59D31805258FC57400E44785 /* Info.plist */ = {isa = PBXFileReference; lastKnownFileType = text.plist.xml; path = Info.plist; sourceTree = "<group>"; };
		59D3180A258FC57400E44785 /* UI TestTests.xctest */ = {isa = PBXFileReference; explicitFileType = wrapper.cfbundle; includeInIndex = 0; path = "UI TestTests.xctest"; sourceTree = BUILT_PRODUCTS_DIR; };
		59D3180E258FC57400E44785 /* UI_TestTests.swift */ = {isa = PBXFileReference; lastKnownFileType = sourcecode.swift; path = UI_TestTests.swift; sourceTree = "<group>"; };
		59D31810258FC57400E44785 /* Info.plist */ = {isa = PBXFileReference; lastKnownFileType = text.plist.xml; path = Info.plist; sourceTree = "<group>"; };
		59D31815258FC57400E44785 /* UI TestUITests.xctest */ = {isa = PBXFileReference; explicitFileType = wrapper.cfbundle; includeInIndex = 0; path = "UI TestUITests.xctest"; sourceTree = BUILT_PRODUCTS_DIR; };
		59D31819258FC57400E44785 /* UI_TestUITests.swift */ = {isa = PBXFileReference; lastKnownFileType = sourcecode.swift; path = UI_TestUITests.swift; sourceTree = "<group>"; };
		59D3181B258FC57400E44785 /* Info.plist */ = {isa = PBXFileReference; lastKnownFileType = text.plist.xml; path = Info.plist; sourceTree = "<group>"; };
/* End PBXFileReference section */

/* Begin PBXFrameworksBuildPhase section */
		59D317F6258FC57400E44785 /* Frameworks */ = {
			isa = PBXFrameworksBuildPhase;
			buildActionMask = 2147483647;
			files = (
			);
			runOnlyForDeploymentPostprocessing = 0;
		};
		59D31807258FC57400E44785 /* Frameworks */ = {
			isa = PBXFrameworksBuildPhase;
			buildActionMask = 2147483647;
			files = (
			);
			runOnlyForDeploymentPostprocessing = 0;
		};
		59D31812258FC57400E44785 /* Frameworks */ = {
			isa = PBXFrameworksBuildPhase;
			buildActionMask = 2147483647;
			files = (
			);
			runOnlyForDeploymentPostprocessing = 0;
		};
/* End PBXFrameworksBuildPhase section */

/* Begin PBXGroup section */
		59D317F0258FC57400E44785 = {
			isa = PBXGroup;
			children = (
				59D317FB258FC57400E44785 /* UI Test */,
				59D3180D258FC57400E44785 /* UI TestTests */,
				59D31818258FC57400E44785 /* UI TestUITests */,
				59D317FA258FC57400E44785 /* Products */,
			);
			sourceTree = "<group>";
		};
		59D317FA258FC57400E44785 /* Products */ = {
			isa = PBXGroup;
			children = (
				59D317F9258FC57400E44785 /* UI Test.app */,
				59D3180A258FC57400E44785 /* UI TestTests.xctest */,
				59D31815258FC57400E44785 /* UI TestUITests.xctest */,
			);
			name = Products;
			sourceTree = "<group>";
		};
		59D317FB258FC57400E44785 /* UI Test */ = {
			isa = PBXGroup;
			children = (
				59D317FC258FC57400E44785 /* UI_TestApp.swift */,
				59D317FE258FC57400E44785 /* ContentView.swift */,
				59D31800258FC57400E44785 /* Assets.xcassets */,
				59D31805258FC57400E44785 /* Info.plist */,
				59D31802258FC57400E44785 /* Preview Content */,
			);
			path = "UI Test";
			sourceTree = "<group>";
		};
		59D31802258FC57400E44785 /* Preview Content */ = {
			isa = PBXGroup;
			children = (
				59D31803258FC57400E44785 /* Preview Assets.xcassets */,
			);
			path = "Preview Content";
			sourceTree = "<group>";
		};
		59D3180D258FC57400E44785 /* UI TestTests */ = {
			isa = PBXGroup;
			children = (
				59D3180E258FC57400E44785 /* UI_TestTests.swift */,
				59D31810258FC57400E44785 /* Info.plist */,
			);
			path = "UI TestTests";
			sourceTree = "<group>";
		};
		59D31818258FC57400E44785 /* UI TestUITests */ = {
			isa = PBXGroup;
			children = (
				59D31819258FC57400E44785 /* UI_TestUITests.swift */,
				59D3181B258FC57400E44785 /* Info.plist */,
			);
			path = "UI TestUITests";
			sourceTree = "<group>";
		};
/* End PBXGroup section */

/* Begin PBXNativeTarget section */
		59D317F8258FC57400E44785 /* UI Test */ = {
			isa = PBXNativeTarget;
			buildConfigurationList = 59D3181E258FC57400E44785 /* Build configuration list for PBXNativeTarget "UI Test" */;
			buildPhases = (
				59D317F5258FC57400E44785 /* Sources */,
				59D317F6258FC57400E44785 /* Frameworks */,
				59D317F7258FC57400E44785 /* Resources */,
			);
			buildRules = (
			);
			dependencies = (
			);
			name = "UI Test";
			productName = "UI Test";
			productReference = 59D317F9258FC57400E44785 /* UI Test.app */;
			productType = "com.apple.product-type.application";
		};
		59D31809258FC57400E44785 /* UI TestTests */ = {
			isa = PBXNativeTarget;
			buildConfigurationList = 59D31821258FC57400E44785 /* Build configuration list for PBXNativeTarget "UI TestTests" */;
			buildPhases = (
				59D31806258FC57400E44785 /* Sources */,
				59D31807258FC57400E44785 /* Frameworks */,
				59D31808258FC57400E44785 /* Resources */,
			);
			buildRules = (
			);
			dependencies = (
				59D3180C258FC57400E44785 /* PBXTargetDependency */,
			);
			name = "UI TestTests";
			productName = "UI TestTests";
			productReference = 59D3180A258FC57400E44785 /* UI TestTests.xctest */;
			productType = "com.apple.product-type.bundle.unit-test";
		};
		59D31814258FC57400E44785 /* UI TestUITests */ = {
			isa = PBXNativeTarget;
			buildConfigurationList = 59D31824258FC57400E44785 /* Build configuration list for PBXNativeTarget "UI TestUITests" */;
			buildPhases = (
				59D31811258FC57400E44785 /* Sources */,
				59D31812258FC57400E44785 /* Frameworks */,
				59D31813258FC57400E44785 /* Resources */,
			);
			buildRules = (
			);
			dependencies = (
				59D31817258FC57400E44785 /* PBXTargetDependency */,
			);
			name = "UI TestUITests";
			productName = "UI TestUITests";
			productReference = 59D31815258FC57400E44785 /* UI TestUITests.xctest */;
			productType = "com.apple.product-type.bundle.ui-testing";
		};
/* End PBXNativeTarget section */

/* Begin PBXProject section */
		59D317F1258FC57400E44785 /* Project object */ = {
			isa = PBXProject;
			attributes = {
				LastSwiftUpdateCheck = 1230;
				LastUpgradeCheck = 1230;
				TargetAttributes = {
					59D317F8258FC57400E44785 = {
						CreatedOnToolsVersion = 12.3;
					};
					59D31809258FC57400E44785 = {
						CreatedOnToolsVersion = 12.3;
						TestTargetID = 59D317F8258FC57400E44785;
					};
					59D31814258FC57400E44785 = {
						CreatedOnToolsVersion = 12.3;
						TestTargetID = 59D317F8258FC57400E44785;
					};
				};
			};
			buildConfigurationList = 59D317F4258FC57400E44785 /* Build configuration list for PBXProject "UI Test" */;
			compatibilityVersion = "Xcode 9.3";
			developmentRegion = en;
			hasScannedForEncodings = 0;
			knownRegions = (
				en,
				Base,
			);
			mainGroup = 59D317F0258FC57400E44785;
			productRefGroup = 59D317FA258FC57400E44785 /* Products */;
			projectDirPath = "";
			projectRoot = "";
			targets = (
				59D317F8258FC57400E44785 /* UI Test */,
				59D31809258FC57400E44785 /* UI TestTests */,
				59D31814258FC57400E44785 /* UI TestUITests */,
			);
		};
/* End PBXProject section */

/* Begin PBXResourcesBuildPhase section */
		59D317F7258FC57400E44785 /* Resources */ = {
			isa = PBXResourcesBuildPhase;
			buildActionMask = 2147483647;
			files = (
				59D31804258FC57400E44785 /* Preview Assets.xcassets in Resources */,
				59D31801258FC57400E44785 /* Assets.xcassets in Resources */,
			);
			runOnlyForDeploymentPostprocessing = 0;
		};
		59D31808258FC57400E44785 /* Resources */ = {
			isa = PBXResourcesBuildPhase;
			buildActionMask = 2147483647;
			files = (
			);
			runOnlyForDeploymentPostprocessing = 0;
		};
		59D31813258FC57400E44785 /* Resources */ = {
			isa = PBXResourcesBuildPhase;
			buildActionMask = 2147483647;
			files = (
			);
			runOnlyForDeploymentPostprocessing = 0;
		};
/* End PBXResourcesBuildPhase section */

/* Begin PBXSourcesBuildPhase section */
		59D317F5258FC57400E44785 /* Sources */ = {
			isa = PBXSourcesBuildPhase;
			buildActionMask = 2147483647;
			files = (
				59D317FF258FC57400E44785 /* ContentView.swift in Sources */,
				59D317FD258FC57400E44785 /* UI_TestApp.swift in Sources */,
			);
			runOnlyForDeploymentPostprocessing = 0;
		};
		59D31806258FC57400E44785 /* Sources */ = {
			isa = PBXSourcesBuildPhase;
			buildActionMask = 2147483647;
			files = (
				59D3180F258FC57400E44785 /* UI_TestTests.swift in Sources */,
			);
			runOnlyForDeploymentPostprocessing = 0;
		};
		59D31811258FC57400E44785 /* Sources */ = {
			isa = PBXSourcesBuildPhase;
			buildActionMask = 2147483647;
			files = (
				59D3181A258FC57400E44785 /* UI_TestUITests.swift in Sources */,
			);
			runOnlyForDeploymentPostprocessing = 0;
		};
/* End PBXSourcesBuildPhase section */

/* Begin PBXTargetDependency section */
		59D3180C258FC57400E44785 /* PBXTargetDependency */ = {
			isa = PBXTargetDependency;
			target = 59D317F8258FC57400E44785 /* UI Test */;
			targetProxy = 59D3180B258FC57400E44785 /* PBXContainerItemProxy */;
		};
		59D31817258FC57400E44785 /* PBXTargetDependency */ = {
			isa = PBXTargetDependency;
			target = 59D317F8258FC57400E44785 /* UI Test */;
			targetProxy = 59D31816258FC57400E44785 /* PBXContainerItemProxy */;
		};
/* End PBXTargetDependency section */

/* Begin XCBuildConfiguration section */
		59D3181C258FC57400E44785 /* Debug */ = {
			isa = XCBuildConfiguration;
			buildSettings = {
				ALWAYS_SEARCH_USER_PATHS = NO;
				CLANG_ANALYZER_NONNULL = YES;
				CLANG_ANALYZER_NUMBER_OBJECT_CONVERSION = YES_AGGRESSIVE;
				CLANG_CXX_LANGUAGE_STANDARD = "gnu++14";
				CLANG_CXX_LIBRARY = "libc++";
				CLANG_ENABLE_MODULES = YES;
				CLANG_ENABLE_OBJC_ARC = YES;
				CLANG_ENABLE_OBJC_WEAK = YES;
				CLANG_WARN_BLOCK_CAPTURE_AUTORELEASING = YES;
				CLANG_WARN_BOOL_CONVERSION = YES;
				CLANG_WARN_COMMA = YES;
				CLANG_WARN_CONSTANT_CONVERSION = YES;
				CLANG_WARN_DEPRECATED_OBJC_IMPLEMENTATIONS = YES;
				CLANG_WARN_DIRECT_OBJC_ISA_USAGE = YES_ERROR;
				CLANG_WARN_DOCUMENTATION_COMMENTS = YES;
				CLANG_WARN_EMPTY_BODY = YES;
				CLANG_WARN_ENUM_CONVERSION = YES;
				CLANG_WARN_INFINITE_RECURSION = YES;
				CLANG_WARN_INT_CONVERSION = YES;
				CLANG_WARN_NON_LITERAL_NULL_CONVERSION = YES;
				CLANG_WARN_OBJC_IMPLICIT_RETAIN_SELF = YES;
				CLANG_WARN_OBJC_LITERAL_CONVERSION = YES;
				CLANG_WARN_OBJC_ROOT_CLASS = YES_ERROR;
				CLANG_WARN_QUOTED_INCLUDE_IN_FRAMEWORK_HEADER = YES;
				CLANG_WARN_RANGE_LOOP_ANALYSIS = YES;
				CLANG_WARN_STRICT_PROTOTYPES = YES;
				CLANG_WARN_SUSPICIOUS_MOVE = YES;
				CLANG_WARN_UNGUARDED_AVAILABILITY = YES_AGGRESSIVE;
				CLANG_WARN_UNREACHABLE_CODE = YES;
				CLANG_WARN__DUPLICATE_METHOD_MATCH = YES;
				COPY_PHASE_STRIP = NO;
				DEBUG_INFORMATION_FORMAT = dwarf;
				ENABLE_STRICT_OBJC_MSGSEND = YES;
				ENABLE_TESTABILITY = YES;
				GCC_C_LANGUAGE_STANDARD = gnu11;
				GCC_DYNAMIC_NO_PIC = NO;
				GCC_NO_COMMON_BLOCKS = YES;
				GCC_OPTIMIZATION_LEVEL = 0;
				GCC_PREPROCESSOR_DEFINITIONS = (
					"DEBUG=1",
					"$(inherited)",
				);
				GCC_WARN_64_TO_32_BIT_CONVERSION = YES;
				GCC_WARN_ABOUT_RETURN_TYPE = YES_ERROR;
				GCC_WARN_UNDECLARED_SELECTOR = YES;
				GCC_WARN_UNINITIALIZED_AUTOS = YES_AGGRESSIVE;
				GCC_WARN_UNUSED_FUNCTION = YES;
				GCC_WARN_UNUSED_VARIABLE = YES;
				IPHONEOS_DEPLOYMENT_TARGET = 14.3;
				MTL_ENABLE_DEBUG_INFO = INCLUDE_SOURCE;
				MTL_FAST_MATH = YES;
				ONLY_ACTIVE_ARCH = YES;
				SDKROOT = iphoneos;
				SWIFT_ACTIVE_COMPILATION_CONDITIONS = DEBUG;
				SWIFT_OPTIMIZATION_LEVEL = "-Onone";
			};
			name = Debug;
		};
		59D3181D258FC57400E44785 /* Release */ = {
			isa = XCBuildConfiguration;
			buildSettings = {
				ALWAYS_SEARCH_USER_PATHS = NO;
				CLANG_ANALYZER_NONNULL = YES;
				CLANG_ANALYZER_NUMBER_OBJECT_CONVERSION = YES_AGGRESSIVE;
				CLANG_CXX_LANGUAGE_STANDARD = "gnu++14";
				CLANG_CXX_LIBRARY = "libc++";
				CLANG_ENABLE_MODULES = YES;
				CLANG_ENABLE_OBJC_ARC = YES;
				CLANG_ENABLE_OBJC_WEAK = YES;
				CLANG_WARN_BLOCK_CAPTURE_AUTORELEASING = YES;
				CLANG_WARN_BOOL_CONVERSION = YES;
				CLANG_WARN_COMMA = YES;
				CLANG_WARN_CONSTANT_CONVERSION = YES;
				CLANG_WARN_DEPRECATED_OBJC_IMPLEMENTATIONS = YES;
				CLANG_WARN_DIRECT_OBJC_ISA_USAGE = YES_ERROR;
				CLANG_WARN_DOCUMENTATION_COMMENTS = YES;
				CLANG_WARN_EMPTY_BODY = YES;
				CLANG_WARN_ENUM_CONVERSION = YES;
				CLANG_WARN_INFINITE_RECURSION = YES;
				CLANG_WARN_INT_CONVERSION = YES;
				CLANG_WARN_NON_LITERAL_NULL_CONVERSION = YES;
				CLANG_WARN_OBJC_IMPLICIT_RETAIN_SELF = YES;
				CLANG_WARN_OBJC_LITERAL_CONVERSION = YES;
				CLANG_WARN_OBJC_ROOT_CLASS = YES_ERROR;
				CLANG_WARN_QUOTED_INCLUDE_IN_FRAMEWORK_HEADER = YES;
				CLANG_WARN_RANGE_LOOP_ANALYSIS = YES;
				CLANG_WARN_STRICT_PROTOTYPES = YES;
				CLANG_WARN_SUSPICIOUS_MOVE = YES;
				CLANG_WARN_UNGUARDED_AVAILABILITY = YES_AGGRESSIVE;
				CLANG_WARN_UNREACHABLE_CODE = YES;
				CLANG_WARN__DUPLICATE_METHOD_MATCH = YES;
				COPY_PHASE_STRIP = NO;
				DEBUG_INFORMATION_FORMAT = "dwarf-with-dsym";
				ENABLE_NS_ASSERTIONS = NO;
				ENABLE_STRICT_OBJC_MSGSEND = YES;
				GCC_C_LANGUAGE_STANDARD = gnu11;
				GCC_NO_COMMON_BLOCKS = YES;
				GCC_WARN_64_TO_32_BIT_CONVERSION = YES;
				GCC_WARN_ABOUT_RETURN_TYPE = YES_ERROR;
				GCC_WARN_UNDECLARED_SELECTOR = YES;
				GCC_WARN_UNINITIALIZED_AUTOS = YES_AGGRESSIVE;
				GCC_WARN_UNUSED_FUNCTION = YES;
				GCC_WARN_UNUSED_VARIABLE = YES;
				IPHONEOS_DEPLOYMENT_TARGET = 14.3;
				MTL_ENABLE_DEBUG_INFO = NO;
				MTL_FAST_MATH = YES;
				SDKROOT = iphoneos;
				SWIFT_COMPILATION_MODE = wholemodule;
				SWIFT_OPTIMIZATION_LEVEL = "-O";
				VALIDATE_PRODUCT = YES;
			};
			name = Release;
		};
		59D3181F258FC57400E44785 /* Debug */ = {
			isa = XCBuildConfiguration;
			buildSettings = {
				ASSETCATALOG_COMPILER_APPICON_NAME = AppIcon;
				ASSETCATALOG_COMPILER_GLOBAL_ACCENT_COLOR_NAME = AccentColor;
				CODE_SIGN_STYLE = Automatic;
				DEVELOPMENT_ASSET_PATHS = "\"UI Test/Preview Content\"";
				DEVELOPMENT_TEAM = 6JM29BXL54;
				ENABLE_PREVIEWS = YES;
				INFOPLIST_FILE = "UI Test/Info.plist";
				IPHONEOS_DEPLOYMENT_TARGET = 14.0;
				LD_RUNPATH_SEARCH_PATHS = (
					"$(inherited)",
					"@executable_path/Frameworks",
				);
				PRODUCT_BUNDLE_IDENTIFIER = "de.designexe.UI-Test";
				PRODUCT_NAME = "$(TARGET_NAME)";
				SWIFT_VERSION = 5.0;
				TARGETED_DEVICE_FAMILY = "1,2";
			};
			name = Debug;
		};
		59D31820258FC57400E44785 /* Release */ = {
			isa = XCBuildConfiguration;
			buildSettings = {
				ASSETCATALOG_COMPILER_APPICON_NAME = AppIcon;
				ASSETCATALOG_COMPILER_GLOBAL_ACCENT_COLOR_NAME = AccentColor;
				CODE_SIGN_STYLE = Automatic;
				DEVELOPMENT_ASSET_PATHS = "\"UI Test/Preview Content\"";
				DEVELOPMENT_TEAM = 6JM29BXL54;
				ENABLE_PREVIEWS = YES;
				INFOPLIST_FILE = "UI Test/Info.plist";
				IPHONEOS_DEPLOYMENT_TARGET = 14.0;
				LD_RUNPATH_SEARCH_PATHS = (
					"$(inherited)",
					"@executable_path/Frameworks",
				);
				PRODUCT_BUNDLE_IDENTIFIER = "de.designexe.UI-Test";
				PRODUCT_NAME = "$(TARGET_NAME)";
				SWIFT_VERSION = 5.0;
				TARGETED_DEVICE_FAMILY = "1,2";
			};
			name = Release;
		};
		59D31822258FC57400E44785 /* Debug */ = {
			isa = XCBuildConfiguration;
			buildSettings = {
				ALWAYS_EMBED_SWIFT_STANDARD_LIBRARIES = YES;
				BUNDLE_LOADER = "$(TEST_HOST)";
				CODE_SIGN_STYLE = Automatic;
				DEVELOPMENT_TEAM = 6JM29BXL54;
				INFOPLIST_FILE = "UI TestTests/Info.plist";
				IPHONEOS_DEPLOYMENT_TARGET = 14.0;
				LD_RUNPATH_SEARCH_PATHS = (
					"$(inherited)",
					"@executable_path/Frameworks",
					"@loader_path/Frameworks",
				);
				PRODUCT_BUNDLE_IDENTIFIER = "de.designexe.UI-TestTests";
				PRODUCT_NAME = "$(TARGET_NAME)";
				SWIFT_VERSION = 5.0;
				TARGETED_DEVICE_FAMILY = "1,2";
				TEST_HOST = "$(BUILT_PRODUCTS_DIR)/UI Test.app/UI Test";
			};
			name = Debug;
		};
		59D31823258FC57400E44785 /* Release */ = {
			isa = XCBuildConfiguration;
			buildSettings = {
				ALWAYS_EMBED_SWIFT_STANDARD_LIBRARIES = YES;
				BUNDLE_LOADER = "$(TEST_HOST)";
				CODE_SIGN_STYLE = Automatic;
				DEVELOPMENT_TEAM = 6JM29BXL54;
				INFOPLIST_FILE = "UI TestTests/Info.plist";
				IPHONEOS_DEPLOYMENT_TARGET = 14.0;
				LD_RUNPATH_SEARCH_PATHS = (
					"$(inherited)",
					"@executable_path/Frameworks",
					"@loader_path/Frameworks",
				);
				PRODUCT_BUNDLE_IDENTIFIER = "de.designexe.UI-TestTests";
				PRODUCT_NAME = "$(TARGET_NAME)";
				SWIFT_VERSION = 5.0;
				TARGETED_DEVICE_FAMILY = "1,2";
				TEST_HOST = "$(BUILT_PRODUCTS_DIR)/UI Test.app/UI Test";
			};
			name = Release;
		};
		59D31825258FC57400E44785 /* Debug */ = {
			isa = XCBuildConfiguration;
			buildSettings = {
				ALWAYS_EMBED_SWIFT_STANDARD_LIBRARIES = YES;
				CODE_SIGN_STYLE = Automatic;
				DEVELOPMENT_TEAM = 6JM29BXL54;
				INFOPLIST_FILE = "UI TestUITests/Info.plist";
				LD_RUNPATH_SEARCH_PATHS = (
					"$(inherited)",
					"@executable_path/Frameworks",
					"@loader_path/Frameworks",
				);
				PRODUCT_BUNDLE_IDENTIFIER = "de.designexe.UI-TestUITests";
				PRODUCT_NAME = "$(TARGET_NAME)";
				SWIFT_VERSION = 5.0;
				TARGETED_DEVICE_FAMILY = "1,2";
				TEST_TARGET_NAME = "UI Test";
			};
			name = Debug;
		};
		59D31826258FC57400E44785 /* Release */ = {
			isa = XCBuildConfiguration;
			buildSettings = {
				ALWAYS_EMBED_SWIFT_STANDARD_LIBRARIES = YES;
				CODE_SIGN_STYLE = Automatic;
				DEVELOPMENT_TEAM = 6JM29BXL54;
				INFOPLIST_FILE = "UI TestUITests/Info.plist";
				LD_RUNPATH_SEARCH_PATHS = (
					"$(inherited)",
					"@executable_path/Frameworks",
					"@loader_path/Frameworks",
				);
				PRODUCT_BUNDLE_IDENTIFIER = "de.designexe.UI-TestUITests";
				PRODUCT_NAME = "$(TARGET_NAME)";
				SWIFT_VERSION = 5.0;
				TARGETED_DEVICE_FAMILY = "1,2";
				TEST_TARGET_NAME = "UI Test";
			};
			name = Release;
		};
/* End XCBuildConfiguration section */

/* Begin XCConfigurationList section */
		59D317F4258FC57400E44785 /* Build configuration list for PBXProject "UI Test" */ = {
			isa = XCConfigurationList;
			buildConfigurations = (
				59D3181C258FC57400E44785 /* Debug */,
				59D3181D258FC57400E44785 /* Release */,
			);
			defaultConfigurationIsVisible = 0;
			defaultConfigurationName = Release;
		};
		59D3181E258FC57400E44785 /* Build configuration list for PBXNativeTarget "UI Test" */ = {
			isa = XCConfigurationList;
			buildConfigurations = (
				59D3181F258FC57400E44785 /* Debug */,
				59D31820258FC57400E44785 /* Release */,
			);
			defaultConfigurationIsVisible = 0;
			defaultConfigurationName = Release;
		};
		59D31821258FC57400E44785 /* Build configuration list for PBXNativeTarget "UI TestTests" */ = {
			isa = XCConfigurationList;
			buildConfigurations = (
				59D31822258FC57400E44785 /* Debug */,
				59D31823258FC57400E44785 /* Release */,
			);
			defaultConfigurationIsVisible = 0;
			defaultConfigurationName = Release;
		};
		59D31824258FC57400E44785 /* Build configuration list for PBXNativeTarget "UI TestUITests" */ = {
			isa = XCConfigurationList;
			buildConfigurations = (
				59D31825258FC57400E44785 /* Debug */,
				59D31826258FC57400E44785 /* Release */,
			);
			defaultConfigurationIsVisible = 0;
			defaultConfigurationName = Release;
		};
/* End XCConfigurationList section */
	};
	rootObject = 59D317F1258FC57400E44785 /* Project object */;
}
